
Microsoft Visual Studio Solution File, Format Version 12.00
# Visual Studio Version 16
VisualStudioVersion = 16.0.29709.97
MinimumVisualStudioVersion = 10.0.40219.1
Project("{FAE04EC0-301F-11D3-BF4B-00C04F79EFBC}") = "HtmlParser", "HtmlParser\HtmlParser.csproj", "{BE043D44-2395-4A87-B76A-0D20E3B17AFA}"
EndProject
Global
	GlobalSection(SolutionConfigurationPlatforms) = preSolution
		Debug|Any CPU = Debug|Any CPU
		Release|Any CPU = Release|Any CPU
	EndGlobalSection
	GlobalSection(ProjectConfigurationPlatforms) = postSolution
		{BE043D44-2395-4A87-B76A-0D20E3B17AFA}.Debug|Any CPU.ActiveCfg = Debug|Any CPU
		{BE043D44-2395-4A87-B76A-0D20E3B17AFA}.Debug|Any CPU.Build.0 = Debug|Any CPU
		{BE043D44-2395-4A87-B76A-0D20E3B17AFA}.Release|Any CPU.ActiveCfg = Release|Any CPU
		{BE043D44-2395-4A87-B76A-0D20E3B17AFA}.Release|Any CPU.Build.0 = Release|Any CPU
	EndGlobalSection
	GlobalSection(SolutionProperties) = preSolution
		HideSolutionNode = FALSE
	EndGlobalSection
	GlobalSection(ExtensibilityGlobals) = postSolution
		SolutionGuid = {3507AE23-E554-4C37-A0A9-B60E531CB314}
	EndGlobalSection
EndGlobal
